Microsoft Visual Studio Solution File, Format Version 8.00
Project("{FAE04EC0-301F-11D3-BF4B-00C04F79EFBC}") = "CompiladorReducido", "CompiladorReducido.csproj", "{63D76B82-48A4-47D4-B25F-15D47C615989}"
	ProjectSection(ProjectDependencies) = postProject
	EndProjectSection
EndProject
Global
	GlobalSection(SolutionConfiguration) = preSolution
		Debug = Debug
		Release = Release
	EndGlobalSection
	GlobalSection(ProjectConfiguration) = postSolution
		{63D76B82-48A4-47D4-B25F-15D47C615989}.Debug.ActiveCfg = Debug|.NET
		{63D76B82-48A4-47D4-B25F-15D47C615989}.Debug.Build.0 = Debug|.NET
		{63D76B82-48A4-47D4-B25F-15D47C615989}.Release.ActiveCfg = Release|.NET
		{63D76B82-48A4-47D4-B25F-15D47C615989}.Release.Build.0 = Release|.NET
	EndGlobalSection
	GlobalSection(ExtensibilityGlobals) = postSolution
	EndGlobalSection
	GlobalSection(ExtensibilityAddIns) = postSolution
	EndGlobalSection
EndGlobal
